
Microsoft Visual Studio Solution File, Format Version 12.00
# Visual Studio Version 16
VisualStudioVersion = 16.0.29911.84
MinimumVisualStudioVersion = 10.0.40219.1
Project("{FAE04EC0-301F-11D3-BF4B-00C04F79EFBC}") = "OGameLikeBO", "OGameLikeBO\OGameLikeBO.csproj", "{DB4627D0-1C8F-4804-8132-5004E09F36B4}"
EndProject
Project("{FAE04EC0-301F-11D3-BF4B-00C04F79EFBC}") = "OGameLike", "OGameLike\OGameLike.csproj", "{DBB2B905-B0EB-48BA-8784-05F75C176C05}"
EndProject
Global
	GlobalSection(SolutionConfigurationPlatforms) = preSolution
		Debug|Any CPU = Debug|Any CPU
		Release|Any CPU = Release|Any CPU
	EndGlobalSection
	GlobalSection(ProjectConfigurationPlatforms) = postSolution
		{DB4627D0-1C8F-4804-8132-5004E09F36B4}.Debug|Any CPU.ActiveCfg = Debug|Any CPU
		{DB4627D0-1C8F-4804-8132-5004E09F36B4}.Debug|Any CPU.Build.0 = Debug|Any CPU
		{DB4627D0-1C8F-4804-8132-5004E09F36B4}.Release|Any CPU.ActiveCfg = Release|Any CPU
		{DB4627D0-1C8F-4804-8132-5004E09F36B4}.Release|Any CPU.Build.0 = Release|Any CPU
		{DBB2B905-B0EB-48BA-8784-05F75C176C05}.Debug|Any CPU.ActiveCfg = Debug|Any CPU
		{DBB2B905-B0EB-48BA-8784-05F75C176C05}.Debug|Any CPU.Build.0 = Debug|Any CPU
		{DBB2B905-B0EB-48BA-8784-05F75C176C05}.Release|Any CPU.ActiveCfg = Release|Any CPU
		{DBB2B905-B0EB-48BA-8784-05F75C176C05}.Release|Any CPU.Build.0 = Release|Any CPU
	EndGlobalSection
	GlobalSection(SolutionProperties) = preSolution
		HideSolutionNode = FALSE
	EndGlobalSection
	GlobalSection(ExtensibilityGlobals) = postSolution
		SolutionGuid = {A18C69FF-B2C0-4A49-A088-DAE7079870A6}
	EndGlobalSection
EndGlobal
